
Microsoft Visual Studio Solution File, Format Version 12.00
# Visual Studio Version 16
VisualStudioVersion = 16.0.32106.194
MinimumVisualStudioVersion = 10.0.40219.1
Project("{FAE04EC0-301F-11D3-BF4B-00C04F79EFBC}") = "SAOD Count Words", "SAOD Count Words\SAOD Count Words.csproj", "{6AA88490-78AE-4436-B678-B5A72A7C5B90}"
EndProject
Global
	GlobalSection(SolutionConfigurationPlatforms) = preSolution
		Debug|Any CPU = Debug|Any CPU
		Release|Any CPU = Release|Any CPU
	EndGlobalSection
	GlobalSection(ProjectConfigurationPlatforms) = postSolution
		{6AA88490-78AE-4436-B678-B5A72A7C5B90}.Debug|Any CPU.ActiveCfg = Debug|Any CPU
		{6AA88490-78AE-4436-B678-B5A72A7C5B90}.Debug|Any CPU.Build.0 = Debug|Any CPU
		{6AA88490-78AE-4436-B678-B5A72A7C5B90}.Release|Any CPU.ActiveCfg = Release|Any CPU
		{6AA88490-78AE-4436-B678-B5A72A7C5B90}.Release|Any CPU.Build.0 = Release|Any CPU
	EndGlobalSection
	GlobalSection(SolutionProperties) = preSolution
		HideSolutionNode = FALSE
	EndGlobalSection
	GlobalSection(ExtensibilityGlobals) = postSolution
		SolutionGuid = {6878B311-D90D-4CF3-A1A7-E9649FEA437D}
	EndGlobalSection
EndGlobal
